<?xml version="1.0" encoding="utf-8"?>
<Project ToolsVersion="4.0" xmlns="http://schemas.microsoft.com/developer/msbuild/2003">
  <ItemGroup>
    <ClCompile Include="Component\BehaviorTree\ActionNode.cpp" />
    <ClCompile Include="Component\BehaviorTree\BehaviorBaseNode.cpp" />
    <ClCompile Include="Component\BehaviorTree\BehaviorTree.cpp" />
    <ClCompile Include="Component\Animation.cpp" />
    <ClCompile Include="common\AnimMng.cpp" />
    <ClCompile Include="common\Camera\CameraMng.cpp" />
    <ClCompile Include="common\Camera\MainCamera.cpp" />
    <ClCompile Include="common\Camera\SubCamera.cpp" />
    <ClCompile Include="common\ImageMng.cpp" />
    <ClCompile Include="common\MapCollMng.cpp" />
    <ClCompile Include="Component\BehaviorTree\ConditionNode.cpp" />
    <ClCompile Include="Component\BehaviorTree\ParentNode.cpp" />
    <ClCompile Include="Component\BehaviorTree\SelectorNode.cpp" />
    <ClCompile Include="Component\Collider\CircleCollider.cpp" />
    <ClCompile Include="Component\Collider\Collider.cpp" />
    <ClCompile Include="Component\Component.cpp" />
    <ClCompile Include="Input\Controller.cpp" />
    <ClCompile Include="Input\Keyboard.cpp" />
    <ClCompile Include="Input\Pad.cpp" />
    <ClCompile Include="Resource\Tmx\TmxObj.cpp" />
    <ClCompile Include="Scene\BaseScene.cpp" />
    <ClCompile Include="common\Debug.cpp" />
    <ClCompile Include="common\Math.cpp" />
    <ClCompile Include="common\Random.cpp" />
    <ClCompile Include="common\Time.cpp" />
    <ClCompile Include="Scene\GameScene.cpp" />
    <ClCompile Include="Object\Item.cpp" />
    <ClCompile Include="main.cpp" />
    <ClCompile Include="Object\Enemy.cpp" />
    <ClCompile Include="Object\ItemBase.cpp" />
    <ClCompile Include="Object\Obj.cpp" />
    <ClCompile Include="Object\Player.cpp" />
    <ClCompile Include="Object\Unit.cpp" />
    <ClCompile Include="Object\Weapon.cpp" />
    <ClCompile Include="Scene\ResultScene.cpp" />
    <ClCompile Include="Scene\SceneMng.cpp" />
    <ClCompile Include="Scene\SelectScene.cpp" />
    <ClCompile Include="Scene\TitleScene.cpp" />
    <ClCompile Include="Component\BehaviorTree\SequenceNode.cpp" />
    <ClCompile Include="Component\Navi\Navi.cpp" />
    <ClCompile Include="Component\Navi\DijkstraNode.cpp" />
    <ClCompile Include="Scene\Transition\TransitionScene.cpp" />
    <ClCompile Include="Scene\SubScene\SubScene.cpp" />
    <ClCompile Include="Object\Gimic\SecurityCam.cpp" />
    <ClCompile Include="common\Structure.cpp" />
    <ClCompile Include="common\BehaviorTreeLoader.cpp" />
    <ClCompile Include="Scene\Transition\FadeTrans.cpp" />
    <ClCompile Include="Scene\PauseScene.cpp" />
    <ClCompile Include="Component\Navi\AstarNode.cpp" />
    <ClCompile Include="Object\UI\UiBase.cpp" />
    <ClCompile Include="Object\UI\ItemUi.cpp" />
    <ClCompile Include="Component\BehaviorTree\Function\NodeFunc.cpp" />
    <ClCompile Include="Component\BehaviorTree\Function\ConditionNodeFunc.cpp" />
    <ClCompile Include="Component\Navi\PatrolNavi.cpp" />
    <ClCompile Include="Object\ObjManager.cpp" />
    <ClCompile Include="Object\Gimic\Box.cpp" />
    <ClCompile Include="Scene\Transition\CircleScene.cpp" />
    <ClCompile Include="Component\Collider\FanCollider.cpp" />
    <ClCompile Include="common\SoundPross.cpp" />
    <ClCompile Include="Object\Decoy.cpp" />
    <ClCompile Include="Object\Alcohol.cpp" />
    <ClCompile Include="Object\DefeatItem\LaundMine.cpp" />
    <ClCompile Include="Object\Gimic\TrapAlarm.cpp" />
    <ClCompile Include="common\GmkEvent.cpp" />
  </ItemGroup>
  <ItemGroup>
    <ClInclude Include="Component\BehaviorTree\ActionNode.h" />
    <ClInclude Include="Component\BehaviorTree\BehaviorBaseNode.h" />
    <ClInclude Include="Component\BehaviorTree\BehaviorTree.h" />
    <ClInclude Include="Component\Animation.h" />
    <ClInclude Include="common\AnimMng.h" />
    <ClInclude Include="common\Camera\CameraMng.h" />
    <ClInclude Include="common\Camera\MainCamera.h" />
    <ClInclude Include="common\Camera\SubCamera.h" />
    <ClInclude Include="common\ImageMng.h" />
    <ClInclude Include="common\MapCollMng.h" />
    <ClInclude Include="Component\BehaviorTree\ConditionNode.h" />
    <ClInclude Include="Component\BehaviorTree\NodeState.h" />
    <ClInclude Include="Component\BehaviorTree\ParentNode.h" />
    <ClInclude Include="Component\BehaviorTree\SelectorNode.h" />
    <ClInclude Include="Component\Collider\CircleCollider.h" />
    <ClInclude Include="Component\Collider\Collider.h" />
    <ClInclude Include="Component\Component.h" />
    <ClInclude Include="Input\Controller.h" />
    <ClInclude Include="Input\InputID.h" />
    <ClInclude Include="Input\Keyboard.h" />
    <ClInclude Include="Input\Pad.h" />
    <ClInclude Include="Component\ComponentID.h" />
    <ClInclude Include="Object\state\PlayerState.h" />
    <ClInclude Include="common\rapidxml.hpp" />
    <ClInclude Include="common\rapidxml_iterators.hpp" />
    <ClInclude Include="common\rapidxml_print.hpp" />
    <ClInclude Include="common\rapidxml_utils.hpp" />
    <ClInclude Include="Resource\Tmx\TmxObj.h" />
    <ClInclude Include="Scene\BaseScene.h" />
    <ClInclude Include="common\Debug.h" />
    <ClInclude Include="common\Math.h" />
    <ClInclude Include="common\Random.h" />
    <ClInclude Include="common\Time.h" />
    <ClInclude Include="common\Vector2.h" />
    <ClInclude Include="Scene\GameScene.h" />
    <ClInclude Include="Object\Item.h" />
    <ClInclude Include="Object\Enemy.h" />
    <ClInclude Include="Object\ItemBase.h" />
    <ClInclude Include="Object\Obj.h" />
    <ClInclude Include="Object\Player.h" />
    <ClInclude Include="Object\Unit.h" />
    <ClInclude Include="Object\Weapon.h" />
    <ClInclude Include="Scene\ResultScene.h" />
    <ClInclude Include="Scene\SceneMng.h" />
    <ClInclude Include="Scene\SelectScene.h" />
    <ClInclude Include="Scene\TitleScene.h" />
    <ClInclude Include="Component\BehaviorTree\SequenceNode.h" />
    <ClInclude Include="Component\Navi\Navi.h" />
    <ClInclude Include="Component\Navi\DijkstraNode.h" />
    <ClInclude Include="Scene\Transition\TransitionScene.h" />
    <ClInclude Include="Scene\SubScene\SubScene.h" />
    <ClInclude Include="Object\Gimic\SecurityCam.h" />
    <ClInclude Include="common\Structure.h" />
    <ClInclude Include="common\BehaviorTreeLoader.h" />
    <ClInclude Include="Scene\Transition\FadeTrans.h" />
    <ClInclude Include="common\nameof.hpp" />
    <ClInclude Include="Scene\PauseScene.h" />
    <ClInclude Include="Component\Navi\AstarNode.h" />
    <ClInclude Include="Object\UI\UiBase.h" />
    <ClInclude Include="Object\UI\ItemUi.h" />
    <ClInclude Include="Component\BehaviorTree\Function\NodeFunc.h" />
    <ClInclude Include="Component\BehaviorTree\Function\ConditionNodeFunc.h" />
    <ClInclude Include="Component\Navi\PatrolNavi.h" />
    <ClInclude Include="Object\ObjManager.h" />
    <ClInclude Include="Object\Gimic\Box.h" />
    <ClInclude Include="Scene\Transition\CircleScene.h" />
    <ClInclude Include="Component\Collider\FanCollider.h" />
    <ClInclude Include="common\SoundPross.h" />
    <ClInclude Include="Object\Decoy.h" />
    <ClInclude Include="Object\Alcohol.h" />
    <ClInclude Include="Object\DefeatItem\LaundMine.h" />
    <ClInclude Include="Object\Gimic\TrapAlarm.h" />
    <ClInclude Include="common\GmkEvent.h" />
    <ClInclude Include="Object\EnemyState.h" />
  </ItemGroup>
</Project>